
Microsoft Visual Studio Solution File, Format Version 12.00
# Visual Studio 15
VisualStudioVersion = 15.0.28307.1401
MinimumVisualStudioVersion = 10.0.40219.1
Project("{FAE04EC0-301F-11D3-BF4B-00C04F79EFBC}") = "CrudsAngulasNetCore", "CrudsAngulasNetCore\CrudsAngulasNetCore.csproj", "{8FFFF929-EB1F-4695-9AC1-55B444050DB4}"
EndProject
Global
	GlobalSection(SolutionConfigurationPlatforms) = preSolution
		Debug|Any CPU = Debug|Any CPU
		Release|Any CPU = Release|Any CPU
	EndGlobalSection
	GlobalSection(ProjectConfigurationPlatforms) = postSolution
		{8FFFF929-EB1F-4695-9AC1-55B444050DB4}.Debug|Any CPU.ActiveCfg = Debug|Any CPU
		{8FFFF929-EB1F-4695-9AC1-55B444050DB4}.Debug|Any CPU.Build.0 = Debug|Any CPU
		{8FFFF929-EB1F-4695-9AC1-55B444050DB4}.Release|Any CPU.ActiveCfg = Release|Any CPU
		{8FFFF929-EB1F-4695-9AC1-55B444050DB4}.Release|Any CPU.Build.0 = Release|Any CPU
	EndGlobalSection
	GlobalSection(SolutionProperties) = preSolution
		HideSolutionNode = FALSE
	EndGlobalSection
	GlobalSection(ExtensibilityGlobals) = postSolution
		SolutionGuid = {70563CE7-066F-45E1-A9EB-88830C5EBD5C}
	EndGlobalSection
EndGlobal
